
Microsoft Visual Studio Solution File, Format Version 12.00
# Visual Studio Version 17
VisualStudioVersion = 17.0.31903.59
MinimumVisualStudioVersion = 10.0.40219.1
Project("{9A19103F-16F7-4668-BE54-9A1E7A4F7556}") = "ScreenSound", "ScreenSound\ScreenSound.csproj", "{A9CCE41C-6657-42BF-AED4-F3F578033037}"
EndProject
Project("{9A19103F-16F7-4668-BE54-9A1E7A4F7556}") = "ScreenSound.Shared.Modelos", "ScreenSound.Shared.Modelos\ScreenSound.Shared.Modelos.csproj", "{965B6002-24BC-4EA4-9AC6-C5459C441EAD}"
EndProject
Project("{9A19103F-16F7-4668-BE54-9A1E7A4F7556}") = "ScreenSound.Shared.Dados", "ScreenSound.Shared.Dados\ScreenSound.Shared.Dados.csproj", "{E382DF76-DE74-4744-BDFC-27F15A7DA369}"
EndProject
Project("{2150E333-8FDC-42A3-9474-1A3956D46DE8}") = "Itens de Solução", "Itens de Solução", "{2F7D6FB1-4768-494E-BA5E-805061C08536}"
EndProject
Project("{9A19103F-16F7-4668-BE54-9A1E7A4F7556}") = "ScreenSoundApi", "ScreenSoundApi\ScreenSoundApi.csproj", "{F89B9CFA-9F20-4BF9-8714-5A987E868240}"
EndProject
Global
	GlobalSection(SolutionConfigurationPlatforms) = preSolution
		Debug|Any CPU = Debug|Any CPU
		Release|Any CPU = Release|Any CPU
	EndGlobalSection
	GlobalSection(ProjectConfigurationPlatforms) = postSolution
		{A9CCE41C-6657-42BF-AED4-F3F578033037}.Debug|Any CPU.ActiveCfg = Debug|Any CPU
		{A9CCE41C-6657-42BF-AED4-F3F578033037}.Debug|Any CPU.Build.0 = Debug|Any CPU
		{A9CCE41C-6657-42BF-AED4-F3F578033037}.Release|Any CPU.ActiveCfg = Release|Any CPU
		{A9CCE41C-6657-42BF-AED4-F3F578033037}.Release|Any CPU.Build.0 = Release|Any CPU
		{965B6002-24BC-4EA4-9AC6-C5459C441EAD}.Debug|Any CPU.ActiveCfg = Debug|Any CPU
		{965B6002-24BC-4EA4-9AC6-C5459C441EAD}.Debug|Any CPU.Build.0 = Debug|Any CPU
		{965B6002-24BC-4EA4-9AC6-C5459C441EAD}.Release|Any CPU.ActiveCfg = Release|Any CPU
		{965B6002-24BC-4EA4-9AC6-C5459C441EAD}.Release|Any CPU.Build.0 = Release|Any CPU
		{E382DF76-DE74-4744-BDFC-27F15A7DA369}.Debug|Any CPU.ActiveCfg = Debug|Any CPU
		{E382DF76-DE74-4744-BDFC-27F15A7DA369}.Debug|Any CPU.Build.0 = Debug|Any CPU
		{E382DF76-DE74-4744-BDFC-27F15A7DA369}.Release|Any CPU.ActiveCfg = Release|Any CPU
		{E382DF76-DE74-4744-BDFC-27F15A7DA369}.Release|Any CPU.Build.0 = Release|Any CPU
		{F89B9CFA-9F20-4BF9-8714-5A987E868240}.Debug|Any CPU.ActiveCfg = Debug|Any CPU
		{F89B9CFA-9F20-4BF9-8714-5A987E868240}.Debug|Any CPU.Build.0 = Debug|Any CPU
		{F89B9CFA-9F20-4BF9-8714-5A987E868240}.Release|Any CPU.ActiveCfg = Release|Any CPU
		{F89B9CFA-9F20-4BF9-8714-5A987E868240}.Release|Any CPU.Build.0 = Release|Any CPU
	EndGlobalSection
	GlobalSection(SolutionProperties) = preSolution
		HideSolutionNode = FALSE
	EndGlobalSection
	GlobalSection(ExtensibilityGlobals) = postSolution
		SolutionGuid = {4871BE09-5697-4B64-B236-B3276F4A3001}
	EndGlobalSection
EndGlobal
